{"1.2.0",
[{<<"iso8601">>,{pkg,<<"iso8601">>,<<"1.2.3">>},0},
 {<<"quickrand">>,{pkg,<<"quickrand">>,<<"1.5.4">>},1},
 {<<"uuid">>,{pkg,<<"uuid_erl">>,<<"1.5.2-rc1">>},0},
 {<<"worker_pool">>,{pkg,<<"worker_pool">>,<<"6.0.1">>},0}]}.
[
{pkg_hash,[
 {<<"iso8601">>, <<"56D173EC568D42E95908797A9B7D27BCF0B377443277416733EB1A544A4A47C2">>},
 {<<"quickrand">>, <<"47ADD4755CC5F209CBEFFD6F47C84061196CD7FAD99FD8FD12418EB0D06B939D">>},
 {<<"uuid">>, <<"D4022AB3F4F1A28E86EA15D4075CB0C57EC908D8AF1CA2E8AF28AA815EF93C3A">>},
 {<<"worker_pool">>, <<"CA262C2DFB3B4AF661B206C82065D86F83922B7227508AA6E0BC34D3E5AE5135">>}]},
{pkg_hash_ext,[
 {<<"iso8601">>, <<"02A1F5BE3F3EE7C62DD50DEA453AB321FFB702BA302C6282805FAF23C800FAE6">>},
 {<<"quickrand">>, <<"2657DCA4544BF98EC44328F95F2C94A07ACCECE452195C599E43799A760B28B0">>},
 {<<"uuid">>, <<"4297348D9D52A38E2446185F979CB8786FE8784AC053ABE6724C2AF7D7930E38">>},
 {<<"worker_pool">>, <<"772E12CCB26909EA7F804B52E86E733DF66BB8150F683B591B0A762196494C74">>}]}
].
